// !$*UTF8*$!
{
	archiveVersion = 1;
	classes = {
	};
	objectVersion = 55;
	objects = {

/* Begin PBXBuildFile section */
		66DAB5EDEACB702D648DB73C /* Pods_Instagram.framework in Frameworks */ = {isa = PBXBuildFile; fileRef = BC9C88D70BD6594BC9D43D49 /* Pods_Instagram.framework */; };
		861546CA2930614A007A10E8 /* Const.swift in Sources */ = {isa = PBXBuildFile; fileRef = 861546C92930614A007A10E8 /* Const.swift */; };
		861546CC29307FC4007A10E8 /* PostData.swift in Sources */ = {isa = PBXBuildFile; fileRef = 861546CB29307FC4007A10E8 /* PostData.swift */; };
		861546CF29308256007A10E8 /* PostTableViewCell.swift in Sources */ = {isa = PBXBuildFile; fileRef = 861546CD29308256007A10E8 /* PostTableViewCell.swift */; };
		861546D029308256007A10E8 /* PostTableViewCell.xib in Resources */ = {isa = PBXBuildFile; fileRef = 861546CE29308256007A10E8 /* PostTableViewCell.xib */; };
		867C9D81292C60270037596D /* AppDelegate.swift in Sources */ = {isa = PBXBuildFile; fileRef = 867C9D80292C60270037596D /* AppDelegate.swift */; };
		867C9D83292C60270037596D /* SceneDelegate.swift in Sources */ = {isa = PBXBuildFile; fileRef = 867C9D82292C60270037596D /* SceneDelegate.swift */; };
		867C9D88292C60270037596D /* Main.storyboard in Resources */ = {isa = PBXBuildFile; fileRef = 867C9D86292C60270037596D /* Main.storyboard */; };
		867C9D8A292C60290037596D /* Assets.xcassets in Resources */ = {isa = PBXBuildFile; fileRef = 867C9D89292C60290037596D /* Assets.xcassets */; };
		867C9D8D292C60290037596D /* LaunchScreen.storyboard in Resources */ = {isa = PBXBuildFile; fileRef = 867C9D8B292C60290037596D /* LaunchScreen.storyboard */; };
		867C9D95292C61340037596D /* LoginViewController.swift in Sources */ = {isa = PBXBuildFile; fileRef = 867C9D94292C61340037596D /* LoginViewController.swift */; };
		867C9D97292C614D0037596D /* HomeViewController.swift in Sources */ = {isa = PBXBuildFile; fileRef = 867C9D96292C614D0037596D /* HomeViewController.swift */; };
		867C9D99292C61590037596D /* ImageSelectViewController.swift in Sources */ = {isa = PBXBuildFile; fileRef = 867C9D98292C61590037596D /* ImageSelectViewController.swift */; };
		867C9D9B292C61670037596D /* PostViewController.swift in Sources */ = {isa = PBXBuildFile; fileRef = 867C9D9A292C61670037596D /* PostViewController.swift */; };
		867C9D9D292C617D0037596D /* SettingViewController.swift in Sources */ = {isa = PBXBuildFile; fileRef = 867C9D9C292C617D0037596D /* SettingViewController.swift */; };
		867C9D9F292C669D0037596D /* TabBarController.swift in Sources */ = {isa = PBXBuildFile; fileRef = 867C9D9E292C669D0037596D /* TabBarController.swift */; };
		867C9DA1292CB5130037596D /* GoogleService-Info.plist in Resources */ = {isa = PBXBuildFile; fileRef = 867C9DA0292CB5130037596D /* GoogleService-Info.plist */; };
/* End PBXBuildFile section */

/* Begin PBXFileReference section */
		861546C92930614A007A10E8 /* Const.swift */ = {isa = PBXFileReference; lastKnownFileType = sourcecode.swift; path = Const.swift; sourceTree = "<group>"; };
		861546CB29307FC4007A10E8 /* PostData.swift */ = {isa = PBXFileReference; lastKnownFileType = sourcecode.swift; path = PostData.swift; sourceTree = "<group>"; };
		861546CD29308256007A10E8 /* PostTableViewCell.swift */ = {isa = PBXFileReference; lastKnownFileType = sourcecode.swift; path = PostTableViewCell.swift; sourceTree = "<group>"; };
		861546CE29308256007A10E8 /* PostTableViewCell.xib */ = {isa = PBXFileReference; lastKnownFileType = file.xib; path = PostTableViewCell.xib; sourceTree = "<group>"; };
		867C9D7D292C60270037596D /* Instagram.app */ = {isa = PBXFileReference; explicitFileType = wrapper.application; includeInIndex = 0; path = Instagram.app; sourceTree = BUILT_PRODUCTS_DIR; };
		867C9D80292C60270037596D /* AppDelegate.swift */ = {isa = PBXFileReference; lastKnownFileType = sourcecode.swift; path = AppDelegate.swift; sourceTree = "<group>"; };
		867C9D82292C60270037596D /* SceneDelegate.swift */ = {isa = PBXFileReference; lastKnownFileType = sourcecode.swift; path = SceneDelegate.swift; sourceTree = "<group>"; };
		867C9D87292C60270037596D /* Base */ = {isa = PBXFileReference; lastKnownFileType = file.storyboard; name = Base; path = Base.lproj/Main.storyboard; sourceTree = "<group>"; };
		867C9D89292C60290037596D /* Assets.xcassets */ = {isa = PBXFileReference; lastKnownFileType = folder.assetcatalog; path = Assets.xcassets; sourceTree = "<group>"; };
		867C9D8C292C60290037596D /* Base */ = {isa = PBXFileReference; lastKnownFileType = file.storyboard; name = Base; path = Base.lproj/LaunchScreen.storyboard; sourceTree = "<group>"; };
		867C9D8E292C60290037596D /* Info.plist */ = {isa = PBXFileReference; lastKnownFileType = text.plist.xml; path = Info.plist; sourceTree = "<group>"; };
		867C9D94292C61340037596D /* LoginViewController.swift */ = {isa = PBXFileReference; lastKnownFileType = sourcecode.swift; path = LoginViewController.swift; sourceTree = "<group>"; };
		867C9D96292C614D0037596D /* HomeViewController.swift */ = {isa = PBXFileReference; lastKnownFileType = sourcecode.swift; path = HomeViewController.swift; sourceTree = "<group>"; };
		867C9D98292C61590037596D /* ImageSelectViewController.swift */ = {isa = PBXFileReference; lastKnownFileType = sourcecode.swift; path = ImageSelectViewController.swift; sourceTree = "<group>"; };
		867C9D9A292C61670037596D /* PostViewController.swift */ = {isa = PBXFileReference; lastKnownFileType = sourcecode.swift; path = PostViewController.swift; sourceTree = "<group>"; };
		867C9D9C292C617D0037596D /* SettingViewController.swift */ = {isa = PBXFileReference; lastKnownFileType = sourcecode.swift; path = SettingViewController.swift; sourceTree = "<group>"; };
		867C9D9E292C669D0037596D /* TabBarController.swift */ = {isa = PBXFileReference; lastKnownFileType = sourcecode.swift; path = TabBarController.swift; sourceTree = "<group>"; };
		867C9DA0292CB5130037596D /* GoogleService-Info.plist */ = {isa = PBXFileReference; fileEncoding = 4; lastKnownFileType = text.plist.xml; path = "GoogleService-Info.plist"; sourceTree = "<group>"; };
		A22A716CE1858688FC8BC217 /* Pods-Instagram.release.xcconfig */ = {isa = PBXFileReference; includeInIndex = 1; lastKnownFileType = text.xcconfig; name = "Pods-Instagram.release.xcconfig"; path = "Target Support Files/Pods-Instagram/Pods-Instagram.release.xcconfig"; sourceTree = "<group>"; };
		B72131C6E13E5281E5DE005C /* Pods-Instagram.debug.xcconfig */ = {isa = PBXFileReference; includeInIndex = 1; lastKnownFileType = text.xcconfig; name = "Pods-Instagram.debug.xcconfig"; path = "Target Support Files/Pods-Instagram/Pods-Instagram.debug.xcconfig"; sourceTree = "<group>"; };
		BC9C88D70BD6594BC9D43D49 /* Pods_Instagram.framework */ = {isa = PBXFileReference; explicitFileType = wrapper.framework; includeInIndex = 0; path = Pods_Instagram.framework; sourceTree = BUILT_PRODUCTS_DIR; };
/* End PBXFileReference section */

/* Begin PBXFrameworksBuildPhase section */
		867C9D7A292C60270037596D /* Frameworks */ = {
			isa = PBXFrameworksBuildPhase;
			buildActionMask = 2147483647;
			files = (
				66DAB5EDEACB702D648DB73C /* Pods_Instagram.framework in Frameworks */,
			);
			runOnlyForDeploymentPostprocessing = 0;
		};
/* End PBXFrameworksBuildPhase section */

/* Begin PBXGroup section */
		358BE01856CA44FCDF8FEA20 /* Pods */ = {
			isa = PBXGroup;
			children = (
				B72131C6E13E5281E5DE005C /* Pods-Instagram.debug.xcconfig */,
				A22A716CE1858688FC8BC217 /* Pods-Instagram.release.xcconfig */,
			);
			path = Pods;
			sourceTree = "<group>";
		};
		867C9D74292C60270037596D = {
			isa = PBXGroup;
			children = (
				867C9D7F292C60270037596D /* Instagram */,
				867C9D7E292C60270037596D /* Products */,
				358BE01856CA44FCDF8FEA20 /* Pods */,
				CB15A67DB94CA664CB84ACA9 /* Frameworks */,
			);
			sourceTree = "<group>";
		};
		867C9D7E292C60270037596D /* Products */ = {
			isa = PBXGroup;
			children = (
				867C9D7D292C60270037596D /* Instagram.app */,
			);
			name = Products;
			sourceTree = "<group>";
		};
		867C9D7F292C60270037596D /* Instagram */ = {
			isa = PBXGroup;
			children = (
				867C9D80292C60270037596D /* AppDelegate.swift */,
				867C9D82292C60270037596D /* SceneDelegate.swift */,
				867C9D94292C61340037596D /* LoginViewController.swift */,
				867C9D96292C614D0037596D /* HomeViewController.swift */,
				867C9D9A292C61670037596D /* PostViewController.swift */,
				861546CB29307FC4007A10E8 /* PostData.swift */,
				867C9D9E292C669D0037596D /* TabBarController.swift */,
				861546CD29308256007A10E8 /* PostTableViewCell.swift */,
				861546CE29308256007A10E8 /* PostTableViewCell.xib */,
				861546C92930614A007A10E8 /* Const.swift */,
				867C9D9C292C617D0037596D /* SettingViewController.swift */,
				867C9D98292C61590037596D /* ImageSelectViewController.swift */,
				867C9D86292C60270037596D /* Main.storyboard */,
				867C9D89292C60290037596D /* Assets.xcassets */,
				867C9D8B292C60290037596D /* LaunchScreen.storyboard */,
				867C9D8E292C60290037596D /* Info.plist */,
				867C9DA0292CB5130037596D /* GoogleService-Info.plist */,
			);
			path = Instagram;
			sourceTree = "<group>";
		};
		CB15A67DB94CA664CB84ACA9 /* Frameworks */ = {
			isa = PBXGroup;
			children = (
				BC9C88D70BD6594BC9D43D49 /* Pods_Instagram.framework */,
			);
			name = Frameworks;
			sourceTree = "<group>";
		};
/* End PBXGroup section */

/* Begin PBXNativeTarget section */
		867C9D7C292C60270037596D /* Instagram */ = {
			isa = PBXNativeTarget;
			buildConfigurationList = 867C9D91292C60290037596D /* Build configuration list for PBXNativeTarget "Instagram" */;
			buildPhases = (
				7B60F9193FB8EBB362BFFFFD /* [CP] Check Pods Manifest.lock */,
				867C9D79292C60270037596D /* Sources */,
				867C9D7A292C60270037596D /* Frameworks */,
				867C9D7B292C60270037596D /* Resources */,
				8A4FD1AA61460FC83D1911E4 /* [CP] Embed Pods Frameworks */,
			);
			buildRules = (
			);
			dependencies = (
			);
			name = Instagram;
			productName = Instagram;
			productReference = 867C9D7D292C60270037596D /* Instagram.app */;
			productType = "com.apple.product-type.application";
		};
/* End PBXNativeTarget section */

/* Begin PBXProject section */
		867C9D75292C60270037596D /* Project object */ = {
			isa = PBXProject;
			attributes = {
				BuildIndependentTargetsInParallel = 1;
				LastSwiftUpdateCheck = 1310;
				LastUpgradeCheck = 1310;
				TargetAttributes = {
					867C9D7C292C60270037596D = {
						CreatedOnToolsVersion = 13.1;
					};
				};
			};
			buildConfigurationList = 867C9D78292C60270037596D /* Build configuration list for PBXProject "Instagram" */;
			compatibilityVersion = "Xcode 13.0";
			developmentRegion = en;
			hasScannedForEncodings = 0;
			knownRegions = (
				en,
				Base,
			);
			mainGroup = 867C9D74292C60270037596D;
			productRefGroup = 867C9D7E292C60270037596D /* Products */;
			projectDirPath = "";
			projectRoot = "";
			targets = (
				867C9D7C292C60270037596D /* Instagram */,
			);
		};
/* End PBXProject section */

/* Begin PBXResourcesBuildPhase section */
		867C9D7B292C60270037596D /* Resources */ = {
			isa = PBXResourcesBuildPhase;
			buildActionMask = 2147483647;
			files = (
				867C9D8D292C60290037596D /* LaunchScreen.storyboard in Resources */,
				861546D029308256007A10E8 /* PostTableViewCell.xib in Resources */,
				867C9DA1292CB5130037596D /* GoogleService-Info.plist in Resources */,
				867C9D8A292C60290037596D /* Assets.xcassets in Resources */,
				867C9D88292C60270037596D /* Main.storyboard in Resources */,
			);
			runOnlyForDeploymentPostprocessing = 0;
		};
/* End PBXResourcesBuildPhase section */

/* Begin PBXShellScriptBuildPhase section */
		7B60F9193FB8EBB362BFFFFD /* [CP] Check Pods Manifest.lock */ = {
			isa = PBXShellScriptBuildPhase;
			buildActionMask = 2147483647;
			files = (
			);
			inputFileListPaths = (
			);
			inputPaths = (
				"${PODS_PODFILE_DIR_PATH}/Podfile.lock",
				"${PODS_ROOT}/Manifest.lock",
			);
			name = "[CP] Check Pods Manifest.lock";
			outputFileListPaths = (
			);
			outputPaths = (
				"$(DERIVED_FILE_DIR)/Pods-Instagram-checkManifestLockResult.txt",
			);
			runOnlyForDeploymentPostprocessing = 0;
			shellPath = /bin/sh;
			shellScript = "diff \"${PODS_PODFILE_DIR_PATH}/Podfile.lock\" \"${PODS_ROOT}/Manifest.lock\" > /dev/null\nif [ $? != 0 ] ; then\n    # print error to STDERR\n    echo \"error: The sandbox is not in sync with the Podfile.lock. Run 'pod install' or update your CocoaPods installation.\" >&2\n    exit 1\nfi\n# This output is used by Xcode 'outputs' to avoid re-running this script phase.\necho \"SUCCESS\" > \"${SCRIPT_OUTPUT_FILE_0}\"\n";
			showEnvVarsInLog = 0;
		};
		8A4FD1AA61460FC83D1911E4 /* [CP] Embed Pods Frameworks */ = {
			isa = PBXShellScriptBuildPhase;
			buildActionMask = 2147483647;
			files = (
			);
			inputFileListPaths = (
				"${PODS_ROOT}/Target Support Files/Pods-Instagram/Pods-Instagram-frameworks-${CONFIGURATION}-input-files.xcfilelist",
			);
			name = "[CP] Embed Pods Frameworks";
			outputFileListPaths = (
				"${PODS_ROOT}/Target Support Files/Pods-Instagram/Pods-Instagram-frameworks-${CONFIGURATION}-output-files.xcfilelist",
			);
			runOnlyForDeploymentPostprocessing = 0;
			shellPath = /bin/sh;
			shellScript = "\"${PODS_ROOT}/Target Support Files/Pods-Instagram/Pods-Instagram-frameworks.sh\"\n";
			showEnvVarsInLog = 0;
		};
/* End PBXShellScriptBuildPhase section */

/* Begin PBXSourcesBuildPhase section */
		867C9D79292C60270037596D /* Sources */ = {
			isa = PBXSourcesBuildPhase;
			buildActionMask = 2147483647;
			files = (
				861546CF29308256007A10E8 /* PostTableViewCell.swift in Sources */,
				867C9D99292C61590037596D /* ImageSelectViewController.swift in Sources */,
				867C9D9F292C669D0037596D /* TabBarController.swift in Sources */,
				867C9D97292C614D0037596D /* HomeViewController.swift in Sources */,
				867C9D9B292C61670037596D /* PostViewController.swift in Sources */,
				867C9D9D292C617D0037596D /* SettingViewController.swift in Sources */,
				861546CC29307FC4007A10E8 /* PostData.swift in Sources */,
				867C9D95292C61340037596D /* LoginViewController.swift in Sources */,
				867C9D81292C60270037596D /* AppDelegate.swift in Sources */,
				867C9D83292C60270037596D /* SceneDelegate.swift in Sources */,
				861546CA2930614A007A10E8 /* Const.swift in Sources */,
			);
			runOnlyForDeploymentPostprocessing = 0;
		};
/* End PBXSourcesBuildPhase section */

/* Begin PBXVariantGroup section */
		867C9D86292C60270037596D /* Main.storyboard */ = {
			isa = PBXVariantGroup;
			children = (
				867C9D87292C60270037596D /* Base */,
			);
			name = Main.storyboard;
			sourceTree = "<group>";
		};
		867C9D8B292C60290037596D /* LaunchScreen.storyboard */ = {
			isa = PBXVariantGroup;
			children = (
				867C9D8C292C60290037596D /* Base */,
			);
			name = LaunchScreen.storyboard;
			sourceTree = "<group>";
		};
/* End PBXVariantGroup section */

/* Begin XCBuildConfiguration section */
		867C9D8F292C60290037596D /* Debug */ = {
			isa = XCBuildConfiguration;
			buildSettings = {
				ALWAYS_SEARCH_USER_PATHS = NO;
				CLANG_ANALYZER_NONNULL = YES;
				CLANG_ANALYZER_NUMBER_OBJECT_CONVERSION = YES_AGGRESSIVE;
				CLANG_CXX_LANGUAGE_STANDARD = "gnu++17";
				CLANG_CXX_LIBRARY = "libc++";
				CLANG_ENABLE_MODULES = YES;
				CLANG_ENABLE_OBJC_ARC = YES;
				CLANG_ENABLE_OBJC_WEAK = YES;
				CLANG_WARN_BLOCK_CAPTURE_AUTORELEASING = YES;
				CLANG_WARN_BOOL_CONVERSION = YES;
				CLANG_WARN_COMMA = YES;
				CLANG_WARN_CONSTANT_CONVERSION = YES;
				CLANG_WARN_DEPRECATED_OBJC_IMPLEMENTATIONS = YES;
				CLANG_WARN_DIRECT_OBJC_ISA_USAGE = YES_ERROR;
				CLANG_WARN_DOCUMENTATION_COMMENTS = YES;
				CLANG_WARN_EMPTY_BODY = YES;
				CLANG_WARN_ENUM_CONVERSION = YES;
				CLANG_WARN_INFINITE_RECURSION = YES;
				CLANG_WARN_INT_CONVERSION = YES;
				CLANG_WARN_NON_LITERAL_NULL_CONVERSION = YES;
				CLANG_WARN_OBJC_IMPLICIT_RETAIN_SELF = YES;
				CLANG_WARN_OBJC_LITERAL_CONVERSION = YES;
				CLANG_WARN_OBJC_ROOT_CLASS = YES_ERROR;
				CLANG_WARN_QUOTED_INCLUDE_IN_FRAMEWORK_HEADER = YES;
				CLANG_WARN_RANGE_LOOP_ANALYSIS = YES;
				CLANG_WARN_STRICT_PROTOTYPES = YES;
				CLANG_WARN_SUSPICIOUS_MOVE = YES;
				CLANG_WARN_UNGUARDED_AVAILABILITY = YES_AGGRESSIVE;
				CLANG_WARN_UNREACHABLE_CODE = YES;
				CLANG_WARN__DUPLICATE_METHOD_MATCH = YES;
				COPY_PHASE_STRIP = NO;
				DEBUG_INFORMATION_FORMAT = dwarf;
				ENABLE_STRICT_OBJC_MSGSEND = YES;
				ENABLE_TESTABILITY = YES;
				GCC_C_LANGUAGE_STANDARD = gnu11;
				GCC_DYNAMIC_NO_PIC = NO;
				GCC_NO_COMMON_BLOCKS = YES;
				GCC_OPTIMIZATION_LEVEL = 0;
				GCC_PREPROCESSOR_DEFINITIONS = (
					"DEBUG=1",
					"$(inherited)",
				);
				GCC_WARN_64_TO_32_BIT_CONVERSION = YES;
				GCC_WARN_ABOUT_RETURN_TYPE = YES_ERROR;
				GCC_WARN_UNDECLARED_SELECTOR = YES;
				GCC_WARN_UNINITIALIZED_AUTOS = YES_AGGRESSIVE;
				GCC_WARN_UNUSED_FUNCTION = YES;
				GCC_WARN_UNUSED_VARIABLE = YES;
				IPHONEOS_DEPLOYMENT_TARGET = 15.0;
				MTL_ENABLE_DEBUG_INFO = INCLUDE_SOURCE;
				MTL_FAST_MATH = YES;
				ONLY_ACTIVE_ARCH = YES;
				SDKROOT = iphoneos;
				SWIFT_ACTIVE_COMPILATION_CONDITIONS = DEBUG;
				SWIFT_OPTIMIZATION_LEVEL = "-Onone";
			};
			name = Debug;
		};
		867C9D90292C60290037596D /* Release */ = {
			isa = XCBuildConfiguration;
			buildSettings = {
				ALWAYS_SEARCH_USER_PATHS = NO;
				CLANG_ANALYZER_NONNULL = YES;
				CLANG_ANALYZER_NUMBER_OBJECT_CONVERSION = YES_AGGRESSIVE;
				CLANG_CXX_LANGUAGE_STANDARD = "gnu++17";
				CLANG_CXX_LIBRARY = "libc++";
				CLANG_ENABLE_MODULES = YES;
				CLANG_ENABLE_OBJC_ARC = YES;
				CLANG_ENABLE_OBJC_WEAK = YES;
				CLANG_WARN_BLOCK_CAPTURE_AUTORELEASING = YES;
				CLANG_WARN_BOOL_CONVERSION = YES;
				CLANG_WARN_COMMA = YES;
				CLANG_WARN_CONSTANT_CONVERSION = YES;
				CLANG_WARN_DEPRECATED_OBJC_IMPLEMENTATIONS = YES;
				CLANG_WARN_DIRECT_OBJC_ISA_USAGE = YES_ERROR;
				CLANG_WARN_DOCUMENTATION_COMMENTS = YES;
				CLANG_WARN_EMPTY_BODY = YES;
				CLANG_WARN_ENUM_CONVERSION = YES;
				CLANG_WARN_INFINITE_RECURSION = YES;
				CLANG_WARN_INT_CONVERSION = YES;
				CLANG_WARN_NON_LITERAL_NULL_CONVERSION = YES;
				CLANG_WARN_OBJC_IMPLICIT_RETAIN_SELF = YES;
				CLANG_WARN_OBJC_LITERAL_CONVERSION = YES;
				CLANG_WARN_OBJC_ROOT_CLASS = YES_ERROR;
				CLANG_WARN_QUOTED_INCLUDE_IN_FRAMEWORK_HEADER = YES;
				CLANG_WARN_RANGE_LOOP_ANALYSIS = YES;
				CLANG_WARN_STRICT_PROTOTYPES = YES;
				CLANG_WARN_SUSPICIOUS_MOVE = YES;
				CLANG_WARN_UNGUARDED_AVAILABILITY = YES_AGGRESSIVE;
				CLANG_WARN_UNREACHABLE_CODE = YES;
				CLANG_WARN__DUPLICATE_METHOD_MATCH = YES;
				COPY_PHASE_STRIP = NO;
				DEBUG_INFORMATION_FORMAT = "dwarf-with-dsym";
				ENABLE_NS_ASSERTIONS = NO;
				ENABLE_STRICT_OBJC_MSGSEND = YES;
				GCC_C_LANGUAGE_STANDARD = gnu11;
				GCC_NO_COMMON_BLOCKS = YES;
				GCC_WARN_64_TO_32_BIT_CONVERSION = YES;
				GCC_WARN_ABOUT_RETURN_TYPE = YES_ERROR;
				GCC_WARN_UNDECLARED_SELECTOR = YES;
				GCC_WARN_UNINITIALIZED_AUTOS = YES_AGGRESSIVE;
				GCC_WARN_UNUSED_FUNCTION = YES;
				GCC_WARN_UNUSED_VARIABLE = YES;
				IPHONEOS_DEPLOYMENT_TARGET = 15.0;
				MTL_ENABLE_DEBUG_INFO = NO;
				MTL_FAST_MATH = YES;
				SDKROOT = iphoneos;
				SWIFT_COMPILATION_MODE = wholemodule;
				SWIFT_OPTIMIZATION_LEVEL = "-O";
				VALIDATE_PRODUCT = YES;
			};
			name = Release;
		};
		867C9D92292C60290037596D /* Debug */ = {
			isa = XCBuildConfiguration;
			baseConfigurationReference = B72131C6E13E5281E5DE005C /* Pods-Instagram.debug.xcconfig */;
			buildSettings = {
				ASSETCATALOG_COMPILER_APPICON_NAME = AppIcon;
				ASSETCATALOG_COMPILER_GLOBAL_ACCENT_COLOR_NAME = AccentColor;
				CODE_SIGN_STYLE = Automatic;
				CURRENT_PROJECT_VERSION = 1;
				DEVELOPMENT_TEAM = 6D7QN36L33;
				GENERATE_INFOPLIST_FILE = YES;
				INFOPLIST_FILE = Instagram/Info.plist;
				INFOPLIST_KEY_NSCameraUsageDescription = "本アプリは、画像の投稿及び編集のため、カメラの使用許可を求めます。";
				INFOPLIST_KEY_UIApplicationSupportsIndirectInputEvents = YES;
				INFOPLIST_KEY_UILaunchStoryboardName = LaunchScreen;
				INFOPLIST_KEY_UIMainStoryboardFile = Main;
				INFOPLIST_KEY_UISupportedInterfaceOrientations_iPad = "UIInterfaceOrientationPortrait UIInterfaceOrientationPortraitUpsideDown UIInterfaceOrientationLandscapeLeft UIInterfaceOrientationLandscapeRight";
				INFOPLIST_KEY_UISupportedInterfaceOrientations_iPhone = UIInterfaceOrientationPortrait;
				LD_RUNPATH_SEARCH_PATHS = (
					"$(inherited)",
					"@executable_path/Frameworks",
				);
				MARKETING_VERSION = 1.0;
				PRODUCT_BUNDLE_IDENTIFIER = jp.techacademy.shuuto.hirota.Instagram;
				PRODUCT_NAME = "$(TARGET_NAME)";
				SWIFT_EMIT_LOC_STRINGS = YES;
				SWIFT_VERSION = 5.0;
				TARGETED_DEVICE_FAMILY = 1;
			};
			name = Debug;
		};
		867C9D93292C60290037596D /* Release */ = {
			isa = XCBuildConfiguration;
			baseConfigurationReference = A22A716CE1858688FC8BC217 /* Pods-Instagram.release.xcconfig */;
			buildSettings = {
				ASSETCATALOG_COMPILER_APPICON_NAME = AppIcon;
				ASSETCATALOG_COMPILER_GLOBAL_ACCENT_COLOR_NAME = AccentColor;
				CODE_SIGN_STYLE = Automatic;
				CURRENT_PROJECT_VERSION = 1;
				DEVELOPMENT_TEAM = 6D7QN36L33;
				GENERATE_INFOPLIST_FILE = YES;
				INFOPLIST_FILE = Instagram/Info.plist;
				INFOPLIST_KEY_NSCameraUsageDescription = "本アプリは、画像の投稿及び編集のため、カメラの使用許可を求めます。";
				INFOPLIST_KEY_UIApplicationSupportsIndirectInputEvents = YES;
				INFOPLIST_KEY_UILaunchStoryboardName = LaunchScreen;
				INFOPLIST_KEY_UIMainStoryboardFile = Main;
				INFOPLIST_KEY_UISupportedInterfaceOrientations_iPad = "UIInterfaceOrientationPortrait UIInterfaceOrientationPortraitUpsideDown UIInterfaceOrientationLandscapeLeft UIInterfaceOrientationLandscapeRight";
				INFOPLIST_KEY_UISupportedInterfaceOrientations_iPhone = UIInterfaceOrientationPortrait;
				LD_RUNPATH_SEARCH_PATHS = (
					"$(inherited)",
					"@executable_path/Frameworks",
				);
				MARKETING_VERSION = 1.0;
				PRODUCT_BUNDLE_IDENTIFIER = jp.techacademy.shuuto.hirota.Instagram;
				PRODUCT_NAME = "$(TARGET_NAME)";
				SWIFT_EMIT_LOC_STRINGS = YES;
				SWIFT_VERSION = 5.0;
				TARGETED_DEVICE_FAMILY = 1;
			};
			name = Release;
		};
/* End XCBuildConfiguration section */

/* Begin XCConfigurationList section */
		867C9D78292C60270037596D /* Build configuration list for PBXProject "Instagram" */ = {
			isa = XCConfigurationList;
			buildConfigurations = (
				867C9D8F292C60290037596D /* Debug */,
				867C9D90292C60290037596D /* Release */,
			);
			defaultConfigurationIsVisible = 0;
			defaultConfigurationName = Release;
		};
		867C9D91292C60290037596D /* Build configuration list for PBXNativeTarget "Instagram" */ = {
			isa = XCConfigurationList;
			buildConfigurations = (
				867C9D92292C60290037596D /* Debug */,
				867C9D93292C60290037596D /* Release */,
			);
			defaultConfigurationIsVisible = 0;
			defaultConfigurationName = Release;
		};
/* End XCConfigurationList section */
	};
	rootObject = 867C9D75292C60270037596D /* Project object */;
}
